
Microsoft Visual Studio Solution File, Format Version 12.00
# Visual Studio 15
VisualStudioVersion = 15.0.26228.12
MinimumVisualStudioVersion = 10.0.40219.1
Project("{FAE04EC0-301F-11D3-BF4B-00C04F79EFBC}") = "CiteThisShit.NetStandard", "CiteThisShit.NetStandard\CiteThisShit.NetStandard.csproj", "{D1D4E881-B881-4457-BFD3-3B3433F48C7D}"
EndProject
Project("{FAE04EC0-301F-11D3-BF4B-00C04F79EFBC}") = "CiteThisShit.Desktop", "CiteThisShit.Desktop\CiteThisShit.Desktop.csproj", "{03CEF9AB-B0CE-46D1-B1C3-55115A153C39}"
EndProject
Project("{FAE04EC0-301F-11D3-BF4B-00C04F79EFBC}") = "CiteThisShit.Uwp", "CiteThisShit.Uwp\CiteThisShit.Uwp.csproj", "{A6BB219F-9B76-45E4-B43F-B2B8D714C2FE}"
EndProject
Project("{D954291E-2A0B-460D-934E-DC6B0785DB48}") = "CiteThisShit.Data", "CiteThisShit.Data\CiteThisShit.Data.shproj", "{1BAFFA03-CA42-4C1C-B3D8-564F6536BF09}"
EndProject
Global
	GlobalSection(SharedMSBuildProjectFiles) = preSolution
		CiteThisShit.Data\CiteThisShit.Data.projitems*{03cef9ab-b0ce-46d1-b1c3-55115a153c39}*SharedItemsImports = 4
		CiteThisShit.Data\CiteThisShit.Data.projitems*{cb814c76-ba78-4f99-827c-941842fca652}*SharedItemsImports = 13
	EndGlobalSection
	GlobalSection(SolutionConfigurationPlatforms) = preSolution
		Debug|Any CPU = Debug|Any CPU
		Debug|ARM = Debug|ARM
		Debug|x64 = Debug|x64
		Debug|x86 = Debug|x86
		Release|Any CPU = Release|Any CPU
		Release|ARM = Release|ARM
		Release|x64 = Release|x64
		Release|x86 = Release|x86
	EndGlobalSection
	GlobalSection(ProjectConfigurationPlatforms) = postSolution
		{D1D4E881-B881-4457-BFD3-3B3433F48C7D}.Debug|Any CPU.ActiveCfg = Debug|Any CPU
		{D1D4E881-B881-4457-BFD3-3B3433F48C7D}.Debug|Any CPU.Build.0 = Debug|Any CPU
		{D1D4E881-B881-4457-BFD3-3B3433F48C7D}.Debug|ARM.ActiveCfg = Debug|Any CPU
		{D1D4E881-B881-4457-BFD3-3B3433F48C7D}.Debug|ARM.Build.0 = Debug|Any CPU
		{D1D4E881-B881-4457-BFD3-3B3433F48C7D}.Debug|x64.ActiveCfg = Debug|Any CPU
		{D1D4E881-B881-4457-BFD3-3B3433F48C7D}.Debug|x64.Build.0 = Debug|Any CPU
		{D1D4E881-B881-4457-BFD3-3B3433F48C7D}.Debug|x86.ActiveCfg = Debug|Any CPU
		{D1D4E881-B881-4457-BFD3-3B3433F48C7D}.Debug|x86.Build.0 = Debug|Any CPU
		{D1D4E881-B881-4457-BFD3-3B3433F48C7D}.Release|Any CPU.ActiveCfg = Release|Any CPU
		{D1D4E881-B881-4457-BFD3-3B3433F48C7D}.Release|Any CPU.Build.0 = Release|Any CPU
		{D1D4E881-B881-4457-BFD3-3B3433F48C7D}.Release|ARM.ActiveCfg = Release|Any CPU
		{D1D4E881-B881-4457-BFD3-3B3433F48C7D}.Release|ARM.Build.0 = Release|Any CPU
		{D1D4E881-B881-4457-BFD3-3B3433F48C7D}.Release|x64.ActiveCfg = Release|Any CPU
		{D1D4E881-B881-4457-BFD3-3B3433F48C7D}.Release|x64.Build.0 = Release|Any CPU
		{D1D4E881-B881-4457-BFD3-3B3433F48C7D}.Release|x86.ActiveCfg = Release|Any CPU
		{D1D4E881-B881-4457-BFD3-3B3433F48C7D}.Release|x86.Build.0 = Release|Any CPU
		{03CEF9AB-B0CE-46D1-B1C3-55115A153C39}.Debug|Any CPU.ActiveCfg = Debug|Any CPU
		{03CEF9AB-B0CE-46D1-B1C3-55115A153C39}.Debug|Any CPU.Build.0 = Debug|Any CPU
		{03CEF9AB-B0CE-46D1-B1C3-55115A153C39}.Debug|ARM.ActiveCfg = Debug|Any CPU
		{03CEF9AB-B0CE-46D1-B1C3-55115A153C39}.Debug|ARM.Build.0 = Debug|Any CPU
		{03CEF9AB-B0CE-46D1-B1C3-55115A153C39}.Debug|x64.ActiveCfg = Debug|Any CPU
		{03CEF9AB-B0CE-46D1-B1C3-55115A153C39}.Debug|x64.Build.0 = Debug|Any CPU
		{03CEF9AB-B0CE-46D1-B1C3-55115A153C39}.Debug|x86.ActiveCfg = Debug|Any CPU
		{03CEF9AB-B0CE-46D1-B1C3-55115A153C39}.Debug|x86.Build.0 = Debug|Any CPU
		{03CEF9AB-B0CE-46D1-B1C3-55115A153C39}.Release|Any CPU.ActiveCfg = Release|Any CPU
		{03CEF9AB-B0CE-46D1-B1C3-55115A153C39}.Release|Any CPU.Build.0 = Release|Any CPU
		{03CEF9AB-B0CE-46D1-B1C3-55115A153C39}.Release|ARM.ActiveCfg = Release|Any CPU
		{03CEF9AB-B0CE-46D1-B1C3-55115A153C39}.Release|ARM.Build.0 = Release|Any CPU
		{03CEF9AB-B0CE-46D1-B1C3-55115A153C39}.Release|x64.ActiveCfg = Release|Any CPU
		{03CEF9AB-B0CE-46D1-B1C3-55115A153C39}.Release|x64.Build.0 = Release|Any CPU
		{03CEF9AB-B0CE-46D1-B1C3-55115A153C39}.Release|x86.ActiveCfg = Release|Any CPU
		{03CEF9AB-B0CE-46D1-B1C3-55115A153C39}.Release|x86.Build.0 = Release|Any CPU
		{A6BB219F-9B76-45E4-B43F-B2B8D714C2FE}.Debug|Any CPU.ActiveCfg = Debug|x86
		{A6BB219F-9B76-45E4-B43F-B2B8D714C2FE}.Debug|ARM.ActiveCfg = Debug|ARM
		{A6BB219F-9B76-45E4-B43F-B2B8D714C2FE}.Debug|ARM.Build.0 = Debug|ARM
		{A6BB219F-9B76-45E4-B43F-B2B8D714C2FE}.Debug|ARM.Deploy.0 = Debug|ARM
		{A6BB219F-9B76-45E4-B43F-B2B8D714C2FE}.Debug|x64.ActiveCfg = Debug|x64
		{A6BB219F-9B76-45E4-B43F-B2B8D714C2FE}.Debug|x64.Build.0 = Debug|x64
		{A6BB219F-9B76-45E4-B43F-B2B8D714C2FE}.Debug|x64.Deploy.0 = Debug|x64
		{A6BB219F-9B76-45E4-B43F-B2B8D714C2FE}.Debug|x86.ActiveCfg = Debug|x86
		{A6BB219F-9B76-45E4-B43F-B2B8D714C2FE}.Debug|x86.Build.0 = Debug|x86
		{A6BB219F-9B76-45E4-B43F-B2B8D714C2FE}.Debug|x86.Deploy.0 = Debug|x86
		{A6BB219F-9B76-45E4-B43F-B2B8D714C2FE}.Release|Any CPU.ActiveCfg = Release|x86
		{A6BB219F-9B76-45E4-B43F-B2B8D714C2FE}.Release|ARM.ActiveCfg = Release|ARM
		{A6BB219F-9B76-45E4-B43F-B2B8D714C2FE}.Release|ARM.Build.0 = Release|ARM
		{A6BB219F-9B76-45E4-B43F-B2B8D714C2FE}.Release|ARM.Deploy.0 = Release|ARM
		{A6BB219F-9B76-45E4-B43F-B2B8D714C2FE}.Release|x64.ActiveCfg = Release|x64
		{A6BB219F-9B76-45E4-B43F-B2B8D714C2FE}.Release|x64.Build.0 = Release|x64
		{A6BB219F-9B76-45E4-B43F-B2B8D714C2FE}.Release|x64.Deploy.0 = Release|x64
		{A6BB219F-9B76-45E4-B43F-B2B8D714C2FE}.Release|x86.ActiveCfg = Release|x86
		{A6BB219F-9B76-45E4-B43F-B2B8D714C2FE}.Release|x86.Build.0 = Release|x86
		{A6BB219F-9B76-45E4-B43F-B2B8D714C2FE}.Release|x86.Deploy.0 = Release|x86
	EndGlobalSection
	GlobalSection(SolutionProperties) = preSolution
		HideSolutionNode = FALSE
	EndGlobalSection
EndGlobal
